
Microsoft Visual Studio Solution File, Format Version 12.00
# Visual Studio 14
VisualStudioVersion = 14.0.25123.0
MinimumVisualStudioVersion = 10.0.40219.1
Project("{FAE04EC0-301F-11D3-BF4B-00C04F79EFBC}") = "cat", "cat\cat.csproj", "{89DB8A7B-7352-4A19-9868-13DA7276A553}"
EndProject
Project("{FAE04EC0-301F-11D3-BF4B-00C04F79EFBC}") = "mkdir", "mkdir\mkdir.csproj", "{2DB3720A-0936-40B4-9C11-529403B2B602}"
EndProject
Project("{2150E333-8FDC-42A3-9474-1A3956D46DE8}") = "Solution Files", "Solution Files", "{871DD378-13F6-4F38-9ACD-10AE860940BA}"
ProjectSection(SolutionItems) = preProject
	.gitignore = .gitignore
	.gitattributes = .gitattributes
	LICENSE = LICENSE
	README.md = README.md
EndProjectSection
EndProject
Project("{FAE04EC0-301F-11D3-BF4B-00C04F79EFBC}") = "Shared", "Shared\Shared.csproj", "{307DFDAD-ECB3-4974-B0D0-B8D12AC01BE2}"
EndProject
Global
	GlobalSection(SolutionConfigurationPlatforms) = preSolution
		Debug|Any CPU = Debug|Any CPU
		Release|Any CPU = Release|Any CPU
	EndGlobalSection
	GlobalSection(ProjectConfigurationPlatforms) = postSolution
		{89DB8A7B-7352-4A19-9868-13DA7276A553}.Debug|Any CPU.ActiveCfg = Debug|Any CPU
		{89DB8A7B-7352-4A19-9868-13DA7276A553}.Debug|Any CPU.Build.0 = Debug|Any CPU
		{89DB8A7B-7352-4A19-9868-13DA7276A553}.Release|Any CPU.ActiveCfg = Release|Any CPU
		{89DB8A7B-7352-4A19-9868-13DA7276A553}.Release|Any CPU.Build.0 = Release|Any CPU
		{2DB3720A-0936-40B4-9C11-529403B2B602}.Debug|Any CPU.ActiveCfg = Debug|Any CPU
		{2DB3720A-0936-40B4-9C11-529403B2B602}.Debug|Any CPU.Build.0 = Debug|Any CPU
		{2DB3720A-0936-40B4-9C11-529403B2B602}.Release|Any CPU.ActiveCfg = Release|Any CPU
		{2DB3720A-0936-40B4-9C11-529403B2B602}.Release|Any CPU.Build.0 = Release|Any CPU
		{307DFDAD-ECB3-4974-B0D0-B8D12AC01BE2}.Debug|Any CPU.ActiveCfg = Debug|Any CPU
		{307DFDAD-ECB3-4974-B0D0-B8D12AC01BE2}.Debug|Any CPU.Build.0 = Debug|Any CPU
		{307DFDAD-ECB3-4974-B0D0-B8D12AC01BE2}.Release|Any CPU.ActiveCfg = Release|Any CPU
		{307DFDAD-ECB3-4974-B0D0-B8D12AC01BE2}.Release|Any CPU.Build.0 = Release|Any CPU
	EndGlobalSection
	GlobalSection(SolutionProperties) = preSolution
		HideSolutionNode = FALSE
	EndGlobalSection
EndGlobal
